
Microsoft Visual Studio Solution File, Format Version 12.00
# Visual Studio Version 16
VisualStudioVersion = 16.0.32802.440
MinimumVisualStudioVersion = 10.0.40219.1
Project("{FAE04EC0-301F-11D3-BF4B-00C04F79EFBC}") = "Technologique_Website", "Technologique_Website.csproj", "{196CB74A-9724-488F-9E91-FD48724D4DCF}"
EndProject
Global
	GlobalSection(SolutionConfigurationPlatforms) = preSolution
		Debug|Any CPU = Debug|Any CPU
		Release|Any CPU = Release|Any CPU
	EndGlobalSection
	GlobalSection(ProjectConfigurationPlatforms) = postSolution
		{196CB74A-9724-488F-9E91-FD48724D4DCF}.Debug|Any CPU.ActiveCfg = Debug|Any CPU
		{196CB74A-9724-488F-9E91-FD48724D4DCF}.Debug|Any CPU.Build.0 = Debug|Any CPU
		{196CB74A-9724-488F-9E91-FD48724D4DCF}.Release|Any CPU.ActiveCfg = Release|Any CPU
		{196CB74A-9724-488F-9E91-FD48724D4DCF}.Release|Any CPU.Build.0 = Release|Any CPU
	EndGlobalSection
	GlobalSection(SolutionProperties) = preSolution
		HideSolutionNode = FALSE
	EndGlobalSection
	GlobalSection(ExtensibilityGlobals) = postSolution
		SolutionGuid = {44FCE756-DED7-4A10-B989-C61C6E3AD5FD}
	EndGlobalSection
EndGlobal
